
Microsoft Visual Studio Solution File, Format Version 12.00
Project("{2150E333-8FDC-42A3-9474-1A3956D46DE8}") = "solution files", "solution files", "{6289064B-4CCC-4453-B4A3-AA4711881854}"
	ProjectSection(SolutionItems) = preProject
		Directory.Packages.props = Directory.Packages.props
		.gitignore = .gitignore
		Directory.Build.props = Directory.Build.props
	EndProjectSection
EndProject
Project("{2150E333-8FDC-42A3-9474-1A3956D46DE8}") = "src", "src", "{ACAAC8B5-21F3-4562-A113-53CC7AB60739}"
EndProject
Project("{FAE04EC0-301F-11D3-BF4B-00C04F79EFBC}") = "Core", "src\Core\Core.csproj", "{FAEB10FE-1503-4695-A5E8-549EBAB358B4}"
EndProject
Project("{FAE04EC0-301F-11D3-BF4B-00C04F79EFBC}") = "Cmd", "src\Cmd\Cmd.csproj", "{A698B414-0097-44CB-9D0E-4C456A42AF3D}"
EndProject
Global
	GlobalSection(SolutionConfigurationPlatforms) = preSolution
		Debug|Any CPU = Debug|Any CPU
		Release|Any CPU = Release|Any CPU
	EndGlobalSection
	GlobalSection(ProjectConfigurationPlatforms) = postSolution
		{FAEB10FE-1503-4695-A5E8-549EBAB358B4}.Debug|Any CPU.ActiveCfg = Debug|Any CPU
		{FAEB10FE-1503-4695-A5E8-549EBAB358B4}.Debug|Any CPU.Build.0 = Debug|Any CPU
		{FAEB10FE-1503-4695-A5E8-549EBAB358B4}.Release|Any CPU.ActiveCfg = Release|Any CPU
		{FAEB10FE-1503-4695-A5E8-549EBAB358B4}.Release|Any CPU.Build.0 = Release|Any CPU
		{A698B414-0097-44CB-9D0E-4C456A42AF3D}.Debug|Any CPU.ActiveCfg = Debug|Any CPU
		{A698B414-0097-44CB-9D0E-4C456A42AF3D}.Debug|Any CPU.Build.0 = Debug|Any CPU
		{A698B414-0097-44CB-9D0E-4C456A42AF3D}.Release|Any CPU.ActiveCfg = Release|Any CPU
		{A698B414-0097-44CB-9D0E-4C456A42AF3D}.Release|Any CPU.Build.0 = Release|Any CPU
	EndGlobalSection
	GlobalSection(NestedProjects) = preSolution
		{FAEB10FE-1503-4695-A5E8-549EBAB358B4} = {ACAAC8B5-21F3-4562-A113-53CC7AB60739}
		{A698B414-0097-44CB-9D0E-4C456A42AF3D} = {ACAAC8B5-21F3-4562-A113-53CC7AB60739}
	EndGlobalSection
EndGlobal
